
Microsoft Visual Studio Solution File, Format Version 12.00
# Visual Studio Version 17
VisualStudioVersion = 17.6.33801.468
MinimumVisualStudioVersion = 10.0.40219.1
Project("{2150E333-8FDC-42A3-9474-1A3956D46DE8}") = "SOLID", "SOLID", "{969F8777-CAFF-416A-9762-3105089501F6}"
EndProject
Project("{FAE04EC0-301F-11D3-BF4B-00C04F79EFBC}") = "SingleResponsibilityPrinciple", "SOLID\SingleResponsibilityPrinciple\SingleResponsibilityPrinciple.csproj", "{7801CB08-5C1A-40FD-87F4-23B1447FCCB6}"
EndProject
Project("{FAE04EC0-301F-11D3-BF4B-00C04F79EFBC}") = "OpenClosedPrinciple", "SOLID\OpenClosedPrinciple\OpenClosedPrinciple.csproj", "{EE07100D-4F64-44FD-90B6-B5AB6D70935F}"
EndProject
Project("{FAE04EC0-301F-11D3-BF4B-00C04F79EFBC}") = "LiskovSubstitutionPrinciple", "SOLID\LiskovSubstitutionPrinciple\LiskovSubstitutionPrinciple.csproj", "{10306CF6-4635-4E70-B78A-6FE54FE59200}"
EndProject
Project("{FAE04EC0-301F-11D3-BF4B-00C04F79EFBC}") = "InterfaceSegregationPrinciple", "SOLID\InterfaceSegregationPrinciple\InterfaceSegregationPrinciple.csproj", "{F10C8F5C-E214-4116-91E8-E5AE1EE8483F}"
EndProject
Project("{FAE04EC0-301F-11D3-BF4B-00C04F79EFBC}") = "DependencyInversionPrinciple", "SOLID\DependencyInversionPrinciple\DependencyInversionPrinciple.csproj", "{D9A62648-223D-409E-9649-7E5CEBF002F1}"
EndProject
Project("{2150E333-8FDC-42A3-9474-1A3956D46DE8}") = "DesignPatterns", "DesignPatterns", "{F8A6E087-4079-42B8-A2DE-50EE73F5CC54}"
EndProject
Project("{2150E333-8FDC-42A3-9474-1A3956D46DE8}") = "CreationalDesignPatterns", "DesignPatterns\CreationalDesignPatterns", "{0CE9931B-D48B-4637-A182-2097C906B4B9}"
EndProject
Project("{2150E333-8FDC-42A3-9474-1A3956D46DE8}") = "StructuralDesignPatterns", "DesignPatterns\StructuralDesignPatterns", "{5FA5F812-8284-4873-BAD9-13BCE81C5E26}"
EndProject
Project("{2150E333-8FDC-42A3-9474-1A3956D46DE8}") = "BehavioralDesignPatterns", "DesignPatterns\BehavioralDesignPatterns", "{DB2ABBE0-DB70-4ECB-BDE8-6F41B0B0CC6C}"
EndProject
Project("{2150E333-8FDC-42A3-9474-1A3956D46DE8}") = "PillarsOfOOP", "PillarsOfOOP", "{FF623BFB-1E52-4941-8EB0-0225409013C2}"
EndProject
Project("{FAE04EC0-301F-11D3-BF4B-00C04F79EFBC}") = "Abstraction", "PillarsOfOOP\Abstraction\Abstraction.csproj", "{6F556602-FC21-479B-9883-A2DD55C88A8C}"
EndProject
Project("{FAE04EC0-301F-11D3-BF4B-00C04F79EFBC}") = "Encapsulation", "PillarsOfOOP\Encapsulation\Encapsulation.csproj", "{A53156A6-C348-4154-AC9E-2E822D9AAAFD}"
EndProject
Project("{FAE04EC0-301F-11D3-BF4B-00C04F79EFBC}") = "Polymorphism", "PillarsOfOOP\Polymorphism\Polymorphism.csproj", "{26A791E6-9EAB-4753-BACE-96A8DCAC701C}"
EndProject
Project("{FAE04EC0-301F-11D3-BF4B-00C04F79EFBC}") = "Inheritance", "PillarsOfOOP\Inheritance\Inheritance.csproj", "{49AF01A0-5518-4CFE-BD61-7923736C3223}"
EndProject
Project("{FAE04EC0-301F-11D3-BF4B-00C04F79EFBC}") = "FactoryMethod", "DesignPatterns\CreationalDesignPatterns\FactoryMethod\FactoryMethod.csproj", "{CB65B7C1-283B-47F8-BFA5-97499DD794B5}"
EndProject
Global
	GlobalSection(SolutionConfigurationPlatforms) = preSolution
		Debug|Any CPU = Debug|Any CPU
		Release|Any CPU = Release|Any CPU
	EndGlobalSection
	GlobalSection(ProjectConfigurationPlatforms) = postSolution
		{7801CB08-5C1A-40FD-87F4-23B1447FCCB6}.Debug|Any CPU.ActiveCfg = Debug|Any CPU
		{7801CB08-5C1A-40FD-87F4-23B1447FCCB6}.Debug|Any CPU.Build.0 = Debug|Any CPU
		{7801CB08-5C1A-40FD-87F4-23B1447FCCB6}.Release|Any CPU.ActiveCfg = Release|Any CPU
		{7801CB08-5C1A-40FD-87F4-23B1447FCCB6}.Release|Any CPU.Build.0 = Release|Any CPU
		{EE07100D-4F64-44FD-90B6-B5AB6D70935F}.Debug|Any CPU.ActiveCfg = Debug|Any CPU
		{EE07100D-4F64-44FD-90B6-B5AB6D70935F}.Debug|Any CPU.Build.0 = Debug|Any CPU
		{EE07100D-4F64-44FD-90B6-B5AB6D70935F}.Release|Any CPU.ActiveCfg = Release|Any CPU
		{EE07100D-4F64-44FD-90B6-B5AB6D70935F}.Release|Any CPU.Build.0 = Release|Any CPU
		{10306CF6-4635-4E70-B78A-6FE54FE59200}.Debug|Any CPU.ActiveCfg = Debug|Any CPU
		{10306CF6-4635-4E70-B78A-6FE54FE59200}.Debug|Any CPU.Build.0 = Debug|Any CPU
		{10306CF6-4635-4E70-B78A-6FE54FE59200}.Release|Any CPU.ActiveCfg = Release|Any CPU
		{10306CF6-4635-4E70-B78A-6FE54FE59200}.Release|Any CPU.Build.0 = Release|Any CPU
		{F10C8F5C-E214-4116-91E8-E5AE1EE8483F}.Debug|Any CPU.ActiveCfg = Debug|Any CPU
		{F10C8F5C-E214-4116-91E8-E5AE1EE8483F}.Debug|Any CPU.Build.0 = Debug|Any CPU
		{F10C8F5C-E214-4116-91E8-E5AE1EE8483F}.Release|Any CPU.ActiveCfg = Release|Any CPU
		{F10C8F5C-E214-4116-91E8-E5AE1EE8483F}.Release|Any CPU.Build.0 = Release|Any CPU
		{D9A62648-223D-409E-9649-7E5CEBF002F1}.Debug|Any CPU.ActiveCfg = Debug|Any CPU
		{D9A62648-223D-409E-9649-7E5CEBF002F1}.Debug|Any CPU.Build.0 = Debug|Any CPU
		{D9A62648-223D-409E-9649-7E5CEBF002F1}.Release|Any CPU.ActiveCfg = Release|Any CPU
		{D9A62648-223D-409E-9649-7E5CEBF002F1}.Release|Any CPU.Build.0 = Release|Any CPU
		{6F556602-FC21-479B-9883-A2DD55C88A8C}.Debug|Any CPU.ActiveCfg = Debug|Any CPU
		{6F556602-FC21-479B-9883-A2DD55C88A8C}.Debug|Any CPU.Build.0 = Debug|Any CPU
		{6F556602-FC21-479B-9883-A2DD55C88A8C}.Release|Any CPU.ActiveCfg = Release|Any CPU
		{6F556602-FC21-479B-9883-A2DD55C88A8C}.Release|Any CPU.Build.0 = Release|Any CPU
		{A53156A6-C348-4154-AC9E-2E822D9AAAFD}.Debug|Any CPU.ActiveCfg = Debug|Any CPU
		{A53156A6-C348-4154-AC9E-2E822D9AAAFD}.Debug|Any CPU.Build.0 = Debug|Any CPU
		{A53156A6-C348-4154-AC9E-2E822D9AAAFD}.Release|Any CPU.ActiveCfg = Release|Any CPU
		{A53156A6-C348-4154-AC9E-2E822D9AAAFD}.Release|Any CPU.Build.0 = Release|Any CPU
		{26A791E6-9EAB-4753-BACE-96A8DCAC701C}.Debug|Any CPU.ActiveCfg = Debug|Any CPU
		{26A791E6-9EAB-4753-BACE-96A8DCAC701C}.Debug|Any CPU.Build.0 = Debug|Any CPU
		{26A791E6-9EAB-4753-BACE-96A8DCAC701C}.Release|Any CPU.ActiveCfg = Release|Any CPU
		{26A791E6-9EAB-4753-BACE-96A8DCAC701C}.Release|Any CPU.Build.0 = Release|Any CPU
		{49AF01A0-5518-4CFE-BD61-7923736C3223}.Debug|Any CPU.ActiveCfg = Debug|Any CPU
		{49AF01A0-5518-4CFE-BD61-7923736C3223}.Debug|Any CPU.Build.0 = Debug|Any CPU
		{49AF01A0-5518-4CFE-BD61-7923736C3223}.Release|Any CPU.ActiveCfg = Release|Any CPU
		{49AF01A0-5518-4CFE-BD61-7923736C3223}.Release|Any CPU.Build.0 = Release|Any CPU
		{CB65B7C1-283B-47F8-BFA5-97499DD794B5}.Debug|Any CPU.ActiveCfg = Debug|Any CPU
		{CB65B7C1-283B-47F8-BFA5-97499DD794B5}.Debug|Any CPU.Build.0 = Debug|Any CPU
		{CB65B7C1-283B-47F8-BFA5-97499DD794B5}.Release|Any CPU.ActiveCfg = Release|Any CPU
		{CB65B7C1-283B-47F8-BFA5-97499DD794B5}.Release|Any CPU.Build.0 = Release|Any CPU
	EndGlobalSection
	GlobalSection(SolutionProperties) = preSolution
		HideSolutionNode = FALSE
	EndGlobalSection
	GlobalSection(NestedProjects) = preSolution
		{7801CB08-5C1A-40FD-87F4-23B1447FCCB6} = {969F8777-CAFF-416A-9762-3105089501F6}
		{EE07100D-4F64-44FD-90B6-B5AB6D70935F} = {969F8777-CAFF-416A-9762-3105089501F6}
		{10306CF6-4635-4E70-B78A-6FE54FE59200} = {969F8777-CAFF-416A-9762-3105089501F6}
		{F10C8F5C-E214-4116-91E8-E5AE1EE8483F} = {969F8777-CAFF-416A-9762-3105089501F6}
		{D9A62648-223D-409E-9649-7E5CEBF002F1} = {969F8777-CAFF-416A-9762-3105089501F6}
		{0CE9931B-D48B-4637-A182-2097C906B4B9} = {F8A6E087-4079-42B8-A2DE-50EE73F5CC54}
		{5FA5F812-8284-4873-BAD9-13BCE81C5E26} = {F8A6E087-4079-42B8-A2DE-50EE73F5CC54}
		{DB2ABBE0-DB70-4ECB-BDE8-6F41B0B0CC6C} = {F8A6E087-4079-42B8-A2DE-50EE73F5CC54}
		{6F556602-FC21-479B-9883-A2DD55C88A8C} = {FF623BFB-1E52-4941-8EB0-0225409013C2}
		{A53156A6-C348-4154-AC9E-2E822D9AAAFD} = {FF623BFB-1E52-4941-8EB0-0225409013C2}
		{26A791E6-9EAB-4753-BACE-96A8DCAC701C} = {FF623BFB-1E52-4941-8EB0-0225409013C2}
		{49AF01A0-5518-4CFE-BD61-7923736C3223} = {FF623BFB-1E52-4941-8EB0-0225409013C2}
		{CB65B7C1-283B-47F8-BFA5-97499DD794B5} = {0CE9931B-D48B-4637-A182-2097C906B4B9}
	EndGlobalSection
	GlobalSection(ExtensibilityGlobals) = postSolution
		SolutionGuid = {E4917911-2CA6-4EC9-9263-546D7288EC59}
	EndGlobalSection
EndGlobal
